# @generated - this file is auto-generated by `mise lock` https://mise.jdx.dev/dev-tools/mise-lock.html

lockfile_version = 3

[[tools."aqua:astral-sh/uv"]]
version = "0.11.32"
backend = "aqua:astral-sh/uv"
specifiers = ["0.11.32"]

[tools."aqua:astral-sh/uv"."platforms.linux-arm64"]
checksum = "sha256:4d4fa08d95b06642e5800df6a22bd71455f23f988269e18da2847971d8c0bf31"
url = "https://github.com/astral-sh/uv/releases/download/0.11.32/uv-aarch64-unknown-linux-gnu.tar.gz"
url_api = "https://api.github.com/repos/astral-sh/uv/releases/assets/487747534"
provenance = "github-attestations"

[tools."aqua:astral-sh/uv"."platforms.linux-arm64-musl"]
checksum = "sha256:d70cdae687feb6aad9a09fe8d686df8c8efaf69a1007fa581379a2025adc10a5"
url = "https://github.com/astral-sh/uv/releases/download/0.11.32/uv-aarch64-unknown-linux-musl.tar.gz"
url_api = "https://api.github.com/repos/astral-sh/uv/releases/assets/487747547"
provenance = "github-attestations"

[tools."aqua:astral-sh/uv"."platforms.linux-x64"]
checksum = "sha256:aab924fd522efd06f1c5f3b93a243864fc453132c94b2dc49f1371b528a4b967"
url = "https://github.com/astral-sh/uv/releases/download/0.11.32/uv-x86_64-unknown-linux-gnu.tar.gz"
url_api = "https://api.github.com/repos/astral-sh/uv/releases/assets/487747663"
provenance = "github-attestations"

[tools."aqua:astral-sh/uv"."platforms.linux-x64-musl"]
checksum = "sha256:1fd052f196108d87e61fc3d98fe06b4ec758c9a1eb1466a6fd1a436fe45885f2"
url = "https://github.com/astral-sh/uv/releases/download/0.11.32/uv-x86_64-unknown-linux-musl.tar.gz"
url_api = "https://api.github.com/repos/astral-sh/uv/releases/assets/487747669"
provenance = "github-attestations"

[tools."aqua:astral-sh/uv"."platforms.macos-arm64"]
checksum = "sha256:ed336d0ba49db8ef89b2b41fffa372ce63bd032f22a56f001c265891aec32829"
url = "https://github.com/astral-sh/uv/releases/download/0.11.32/uv-aarch64-apple-darwin.tar.gz"
url_api = "https://api.github.com/repos/astral-sh/uv/releases/assets/487747526"
provenance = "github-attestations"

[tools."aqua:astral-sh/uv"."platforms.macos-x64"]
checksum = "sha256:77f5ca26c0de20e992a3677a174fe1121ee25c36f9b1434a863f75bf077a05eb"
url = "https://github.com/astral-sh/uv/releases/download/0.11.32/uv-x86_64-apple-darwin.tar.gz"
url_api = "https://api.github.com/repos/astral-sh/uv/releases/assets/487747646"
provenance = "github-attestations"

[tools."aqua:astral-sh/uv"."platforms.windows-x64"]
checksum = "sha256:acfde570451cfdb8689fa159a138ee805ba4e241c466432750302c86254b0984"
url = "https://github.com/astral-sh/uv/releases/download/0.11.32/uv-x86_64-pc-windows-msvc.zip"
url_api = "https://api.github.com/repos/astral-sh/uv/releases/assets/487747656"
provenance = "github-attestations"

[[tools."aqua:bitwarden/sdk-sm"]]
version = "2.1.0"
backend = "aqua:bitwarden/sdk-sm"
specifiers = ["2.1.0"]

[tools."aqua:bitwarden/sdk-sm"."platforms.linux-arm64"]
checksum = "sha256:18253757286e119d450133a87eb463bf8c1ce418ce24c834f4f250d60cba6f9e"
url = "https://github.com/bitwarden/sdk-sm/releases/download/bws-v2.1.0/bws-aarch64-unknown-linux-gnu-2.1.0.zip"
url_api = "https://api.github.com/repos/bitwarden/sdk-sm/releases/assets/426507287"

[tools."aqua:bitwarden/sdk-sm"."platforms.linux-arm64-musl"]
checksum = "sha256:eb0f1ae61d1c3b74244d2841233276e05c77e8be4da197ed90fc6248387005e1"
url = "https://github.com/bitwarden/sdk-sm/releases/download/bws-v2.1.0/bws-aarch64-unknown-linux-musl-2.1.0.zip"
url_api = "https://api.github.com/repos/bitwarden/sdk-sm/releases/assets/426507265"

[tools."aqua:bitwarden/sdk-sm"."platforms.linux-x64"]
checksum = "sha256:ba8233c3a4aee5d43e3c73bbd04d99e9bc5aba13bbbfd06d89b073abe732b860"
url = "https://github.com/bitwarden/sdk-sm/releases/download/bws-v2.1.0/bws-x86_64-unknown-linux-gnu-2.1.0.zip"
url_api = "https://api.github.com/repos/bitwarden/sdk-sm/releases/assets/426507282"

[tools."aqua:bitwarden/sdk-sm"."platforms.linux-x64-musl"]
checksum = "sha256:f59ee150e42b82128d437087e9bac920053c6bfddcb960d20ce9386e5ac9bba6"
url = "https://github.com/bitwarden/sdk-sm/releases/download/bws-v2.1.0/bws-x86_64-unknown-linux-musl-2.1.0.zip"
url_api = "https://api.github.com/repos/bitwarden/sdk-sm/releases/assets/426507255"

[tools."aqua:bitwarden/sdk-sm"."platforms.macos-arm64"]
checksum = "sha256:9cb1c1c6e6164d83b2e339883ba02b4cbb37188ce9a484b1ce8249443163e066"
url = "https://github.com/bitwarden/sdk-sm/releases/download/bws-v2.1.0/bws-aarch64-apple-darwin-2.1.0.zip"
url_api = "https://api.github.com/repos/bitwarden/sdk-sm/releases/assets/426507211"

[tools."aqua:bitwarden/sdk-sm"."platforms.macos-x64"]
checksum = "sha256:6f626b3971368902af1b9847c02791a1b4666969d7561e2047681cded7997537"
url = "https://github.com/bitwarden/sdk-sm/releases/download/bws-v2.1.0/bws-x86_64-apple-darwin-2.1.0.zip"
url_api = "https://api.github.com/repos/bitwarden/sdk-sm/releases/assets/426507196"

[tools."aqua:bitwarden/sdk-sm"."platforms.windows-x64"]
checksum = "sha256:8d6f2b51beb6f992b5b1de8b85a98bdf18de74096b724d17fa06219fc23f2bd5"
url = "https://github.com/bitwarden/sdk-sm/releases/download/bws-v2.1.0/bws-x86_64-pc-windows-msvc-2.1.0.zip"
url_api = "https://api.github.com/repos/bitwarden/sdk-sm/releases/assets/426507247"

[[tools."aqua:loeffel-io/ls-lint"]]
version = "2.3.1"
backend = "aqua:loeffel-io/ls-lint"
specifiers = ["2.3.1"]

[tools."aqua:loeffel-io/ls-lint"."platforms.linux-arm64"]
checksum = "sha256:2abdb71243c619f0bb29587be5c228bec84c107985f2c066139ef0ec35fd3a99"
url = "https://github.com/loeffel-io/ls-lint/releases/download/v2.3.1/ls-lint-linux-arm64"
url_api = "https://api.github.com/repos/loeffel-io/ls-lint/releases/assets/260857550"

[tools."aqua:loeffel-io/ls-lint"."platforms.linux-arm64-musl"]
checksum = "sha256:2abdb71243c619f0bb29587be5c228bec84c107985f2c066139ef0ec35fd3a99"
url = "https://github.com/loeffel-io/ls-lint/releases/download/v2.3.1/ls-lint-linux-arm64"
url_api = "https://api.github.com/repos/loeffel-io/ls-lint/releases/assets/260857550"

[tools."aqua:loeffel-io/ls-lint"."platforms.linux-x64"]
checksum = "sha256:b5a0d2e4427ad039fbc574551f17679f38f142b25d15e0e538769f8cf15af397"
url = "https://github.com/loeffel-io/ls-lint/releases/download/v2.3.1/ls-lint-linux-amd64"
url_api = "https://api.github.com/repos/loeffel-io/ls-lint/releases/assets/260857547"

[tools."aqua:loeffel-io/ls-lint"."platforms.linux-x64-musl"]
checksum = "sha256:b5a0d2e4427ad039fbc574551f17679f38f142b25d15e0e538769f8cf15af397"
url = "https://github.com/loeffel-io/ls-lint/releases/download/v2.3.1/ls-lint-linux-amd64"
url_api = "https://api.github.com/repos/loeffel-io/ls-lint/releases/assets/260857547"

[tools."aqua:loeffel-io/ls-lint"."platforms.macos-arm64"]
checksum = "sha256:e4ed2ce2b7b61d6685769e34c6375ccecb14a3f00ee59438cf82d01d6236a3c4"
url = "https://github.com/loeffel-io/ls-lint/releases/download/v2.3.1/ls-lint-darwin-arm64"
url_api = "https://api.github.com/repos/loeffel-io/ls-lint/releases/assets/260857541"

[tools."aqua:loeffel-io/ls-lint"."platforms.macos-x64"]
checksum = "sha256:fc17fc642e95fd8bf7030ed661e86758bee654f6e11f1e31a5f21887f47f73ae"
url = "https://github.com/loeffel-io/ls-lint/releases/download/v2.3.1/ls-lint-darwin-amd64"
url_api = "https://api.github.com/repos/loeffel-io/ls-lint/releases/assets/260857543"

[tools."aqua:loeffel-io/ls-lint"."platforms.windows-x64"]
checksum = "sha256:94e5cfb9468e597cb513fb7a8bf26499c9315ebd505d960c74e2d4849167bd31"
url = "https://github.com/loeffel-io/ls-lint/releases/download/v2.3.1/ls-lint-windows-amd64.exe"
url_api = "https://api.github.com/repos/loeffel-io/ls-lint/releases/assets/260857557"

[[tools."aqua:lycheeverse/lychee"]]
version = "0.24.2"
backend = "aqua:lycheeverse/lychee"
specifiers = ["0.24.2"]

[tools."aqua:lycheeverse/lychee"."platforms.linux-arm64"]
checksum = "sha256:91a7bd65685da41b90ccb9bc867a3d649a7818042dae04ff405e55a25bddee4c"
url = "https://github.com/lycheeverse/lychee/releases/download/lychee-v0.24.2/lychee-aarch64-unknown-linux-gnu.tar.gz"
url_api = "https://api.github.com/repos/lycheeverse/lychee/releases/assets/409959442"

[tools."aqua:lycheeverse/lychee"."platforms.linux-arm64-musl"]
checksum = "sha256:5d0b0e3aeab240f41920c633a6eaf97599be6eedda034b36e858ede7dba5e535"
url = "https://github.com/lycheeverse/lychee/releases/download/lychee-v0.24.2/lychee-aarch64-unknown-linux-musl.tar.gz"
url_api = "https://api.github.com/repos/lycheeverse/lychee/releases/assets/409958602"

[tools."aqua:lycheeverse/lychee"."platforms.linux-x64"]
checksum = "sha256:1f4e0ef7f6554a6ed33dd7ac144fb2e1bbed98598e7af973042fc5cd43951c9a"
url = "https://github.com/lycheeverse/lychee/releases/download/lychee-v0.24.2/lychee-x86_64-unknown-linux-gnu.tar.gz"
url_api = "https://api.github.com/repos/lycheeverse/lychee/releases/assets/409959156"

[tools."aqua:lycheeverse/lychee"."platforms.linux-x64-musl"]
checksum = "sha256:73657a111819a30c47c08352896796f23d64e4eb2b3ed39b6d32149241566fc5"
url = "https://github.com/lycheeverse/lychee/releases/download/lychee-v0.24.2/lychee-x86_64-unknown-linux-musl.tar.gz"
url_api = "https://api.github.com/repos/lycheeverse/lychee/releases/assets/409959271"

[tools."aqua:lycheeverse/lychee"."platforms.macos-arm64"]
checksum = "sha256:c9d3740ea2d891854d37116c9fba840f37b6e7c89d330e7db84ac333631c4977"
url = "https://github.com/lycheeverse/lychee/releases/download/lychee-v0.24.2/lychee-aarch64-apple-darwin.tar.gz"
url_api = "https://api.github.com/repos/lycheeverse/lychee/releases/assets/409957951"

[tools."aqua:lycheeverse/lychee"."platforms.macos-x64"]
checksum = "sha256:887503a9cff667d322b8d0892b40bf49976eb9507af8483220a3706cdad55978"
url = "https://github.com/lycheeverse/lychee/releases/download/lychee-v0.24.2/lychee-x86_64-apple-darwin.tar.gz"
url_api = "https://api.github.com/repos/lycheeverse/lychee/releases/assets/409957687"

[tools."aqua:lycheeverse/lychee"."platforms.windows-x64"]
checksum = "sha256:32975d1493ee1a975d6bb41e4fb56fe419cb442ded628bb772ba2e614acfacad"
url = "https://github.com/lycheeverse/lychee/releases/download/lychee-v0.24.2/lychee-x86_64-pc-windows-msvc.zip"
url_api = "https://api.github.com/repos/lycheeverse/lychee/releases/assets/409959491"

[[tools."aqua:vale-cli/vale"]]
version = "3.23.0"
backend = "aqua:vale-cli/vale"
specifiers = ["3.23.0"]

[tools."aqua:vale-cli/vale"."platforms.linux-arm64"]
checksum = "sha256:45720aadcb01401ac394641287a2c74e094045a89a450f5edcf98c8969df0884"
url = "https://github.com/vale-cli/vale/releases/download/v3.23.0/vale_3.23.0_Linux_arm64.tar.gz"
url_api = "https://api.github.com/repos/vale-cli/vale/releases/assets/589026718"

[tools."aqua:vale-cli/vale"."platforms.linux-arm64-musl"]
checksum = "sha256:45720aadcb01401ac394641287a2c74e094045a89a450f5edcf98c8969df0884"
url = "https://github.com/vale-cli/vale/releases/download/v3.23.0/vale_3.23.0_Linux_arm64.tar.gz"
url_api = "https://api.github.com/repos/vale-cli/vale/releases/assets/589026718"

[tools."aqua:vale-cli/vale"."platforms.linux-x64"]
checksum = "sha256:cc35445a45186b8f0b01e11c01359694cf941e72cf6ab0fc44774f0e54c9d5fc"
url = "https://github.com/vale-cli/vale/releases/download/v3.23.0/vale_3.23.0_Linux_64-bit.tar.gz"
url_api = "https://api.github.com/repos/vale-cli/vale/releases/assets/589026726"

[tools."aqua:vale-cli/vale"."platforms.linux-x64-musl"]
checksum = "sha256:cc35445a45186b8f0b01e11c01359694cf941e72cf6ab0fc44774f0e54c9d5fc"
url = "https://github.com/vale-cli/vale/releases/download/v3.23.0/vale_3.23.0_Linux_64-bit.tar.gz"
url_api = "https://api.github.com/repos/vale-cli/vale/releases/assets/589026726"

[tools."aqua:vale-cli/vale"."platforms.macos-arm64"]
checksum = "sha256:b913574b2c83b541d8bc2d8938e53a58a2fb06bab15135efcc755afb074f4430"
url = "https://github.com/vale-cli/vale/releases/download/v3.23.0/vale_3.23.0_macOS_arm64.tar.gz"
url_api = "https://api.github.com/repos/vale-cli/vale/releases/assets/589026805"

[tools."aqua:vale-cli/vale"."platforms.macos-x64"]
checksum = "sha256:416fdd3ba32e32dc71c87b479cb86757bb6437bcebc7a3e4a095e863b7ce583d"
url = "https://github.com/vale-cli/vale/releases/download/v3.23.0/vale_3.23.0_macOS_64-bit.tar.gz"
url_api = "https://api.github.com/repos/vale-cli/vale/releases/assets/589026720"

[tools."aqua:vale-cli/vale"."platforms.windows-x64"]
checksum = "sha256:ea9a8048498b869be8475a01488cd056f60b769f2d450311b9c24f07d11edd57"
url = "https://github.com/vale-cli/vale/releases/download/v3.23.0/vale_3.23.0_Windows_64-bit.zip"
url_api = "https://api.github.com/repos/vale-cli/vale/releases/assets/589026724"

[[tools."github:betterleaks/betterleaks"]]
version = "1.9.0"
backend = "github:betterleaks/betterleaks"
specifiers = ["1.9.0"]

[tools."github:betterleaks/betterleaks"."platforms.linux-arm64"]
checksum = "sha256:1d39116e0a58dc94574715e2aa12a2dbd5062f193eee3fec011fef6ba06bd13b"
url = "https://github.com/betterleaks/betterleaks/releases/download/v1.9.0/betterleaks_1.9.0_linux_arm64.tar.gz"
url_api = "https://api.github.com/repos/betterleaks/betterleaks/releases/assets/599108932"
provenance = "github-attestations"

[tools."github:betterleaks/betterleaks"."platforms.linux-arm64-musl"]
checksum = "sha256:1d39116e0a58dc94574715e2aa12a2dbd5062f193eee3fec011fef6ba06bd13b"
url = "https://github.com/betterleaks/betterleaks/releases/download/v1.9.0/betterleaks_1.9.0_linux_arm64.tar.gz"
url_api = "https://api.github.com/repos/betterleaks/betterleaks/releases/assets/599108932"
provenance = "github-attestations"

[tools."github:betterleaks/betterleaks"."platforms.linux-x64"]
checksum = "sha256:f8b185a39ffcece2a1ca82bf3a4e7435cd81963ffd16b7a9128daf75f35f6de7"
url = "https://github.com/betterleaks/betterleaks/releases/download/v1.9.0/betterleaks_1.9.0_linux_x64.tar.gz"
url_api = "https://api.github.com/repos/betterleaks/betterleaks/releases/assets/599108929"
provenance = "github-attestations"

[tools."github:betterleaks/betterleaks"."platforms.linux-x64-musl"]
checksum = "sha256:f8b185a39ffcece2a1ca82bf3a4e7435cd81963ffd16b7a9128daf75f35f6de7"
url = "https://github.com/betterleaks/betterleaks/releases/download/v1.9.0/betterleaks_1.9.0_linux_x64.tar.gz"
url_api = "https://api.github.com/repos/betterleaks/betterleaks/releases/assets/599108929"
provenance = "github-attestations"

[tools."github:betterleaks/betterleaks"."platforms.macos-arm64"]
checksum = "sha256:83dd7eaab13d44a1e8e347a17064cdef153a1478db473276d41b38d55613d3f2"
url = "https://github.com/betterleaks/betterleaks/releases/download/v1.9.0/betterleaks_1.9.0_darwin_arm64.tar.gz"
url_api = "https://api.github.com/repos/betterleaks/betterleaks/releases/assets/599108927"
provenance = "github-attestations"

[tools."github:betterleaks/betterleaks"."platforms.macos-x64"]
checksum = "sha256:68dfd83458d9e7f90663daa7a81c7f944083b170dae82e4f5f8d0581ed519ef1"
url = "https://github.com/betterleaks/betterleaks/releases/download/v1.9.0/betterleaks_1.9.0_darwin_x64.tar.gz"
url_api = "https://api.github.com/repos/betterleaks/betterleaks/releases/assets/599108931"
provenance = "github-attestations"

[tools."github:betterleaks/betterleaks"."platforms.windows-x64"]
checksum = "sha256:b765daec9fda475b031b5a5159798cbe4294a3f2a50683cbc0471226e376d3da"
url = "https://github.com/betterleaks/betterleaks/releases/download/v1.9.0/betterleaks_1.9.0_windows_x64.zip"
url_api = "https://api.github.com/repos/betterleaks/betterleaks/releases/assets/599108997"
provenance = "github-attestations"

[[tools."github:gittower/git-flow-next"]]
version = "2.1.0"
backend = "github:gittower/git-flow-next"
specifiers = ["2.1.0"]

[tools."github:gittower/git-flow-next"."platforms.linux-arm64"]
checksum = "sha256:aea866eb7f9287aedf65795251ef3f556b4c7b677d3aa201f2089ec8ee4166eb"
url = "https://github.com/gittower/git-flow-next/releases/download/v2.1.0/git-flow-next-v2.1.0-linux-arm64.tar.gz"
url_api = "https://api.github.com/repos/gittower/git-flow-next/releases/assets/549957095"

[tools."github:gittower/git-flow-next"."platforms.linux-arm64-musl"]
checksum = "sha256:aea866eb7f9287aedf65795251ef3f556b4c7b677d3aa201f2089ec8ee4166eb"
url = "https://github.com/gittower/git-flow-next/releases/download/v2.1.0/git-flow-next-v2.1.0-linux-arm64.tar.gz"
url_api = "https://api.github.com/repos/gittower/git-flow-next/releases/assets/549957095"

[tools."github:gittower/git-flow-next"."platforms.linux-x64"]
checksum = "sha256:e335b5818f2b2f820c17844c194030d0db78f3cdfa9bb999fcb9ce092ba9ecd2"
url = "https://github.com/gittower/git-flow-next/releases/download/v2.1.0/git-flow-next-v2.1.0-linux-amd64.tar.gz"
url_api = "https://api.github.com/repos/gittower/git-flow-next/releases/assets/549957097"

[tools."github:gittower/git-flow-next"."platforms.linux-x64-musl"]
checksum = "sha256:e335b5818f2b2f820c17844c194030d0db78f3cdfa9bb999fcb9ce092ba9ecd2"
url = "https://github.com/gittower/git-flow-next/releases/download/v2.1.0/git-flow-next-v2.1.0-linux-amd64.tar.gz"
url_api = "https://api.github.com/repos/gittower/git-flow-next/releases/assets/549957097"

[tools."github:gittower/git-flow-next"."platforms.macos-arm64"]
checksum = "sha256:50267d0a64e9e86aef5e936fc39a84eb3e135f841b433d5e2aac713afad8b7f3"
url = "https://github.com/gittower/git-flow-next/releases/download/v2.1.0/git-flow-next-v2.1.0-darwin-arm64.tar.gz"
url_api = "https://api.github.com/repos/gittower/git-flow-next/releases/assets/549957100"

[tools."github:gittower/git-flow-next"."platforms.macos-x64"]
checksum = "sha256:a7a47251c98cf723aa2a5206b654f1a358f0ab71b778c2ca05ad0e6540578d50"
url = "https://github.com/gittower/git-flow-next/releases/download/v2.1.0/git-flow-next-v2.1.0-darwin-amd64.tar.gz"
url_api = "https://api.github.com/repos/gittower/git-flow-next/releases/assets/549957099"

[tools."github:gittower/git-flow-next"."platforms.windows-x64"]
checksum = "sha256:9bfbc2746ea647fe664e0a5be375f7d7e144412d5031064f60efb1f8fbe1b656"
url = "https://github.com/gittower/git-flow-next/releases/download/v2.1.0/git-flow-next-v2.1.0-windows-amd64.zip"
url_api = "https://api.github.com/repos/gittower/git-flow-next/releases/assets/549957111"

[[tools."github:googleworkspace/cli"]]
version = "0.22.5"
backend = "github:googleworkspace/cli"
specifiers = ["0.22.5"]

[tools."github:googleworkspace/cli"."platforms.linux-arm64"]
checksum = "sha256:94490295d9580e1e88574e715a0a162991747d12d62f8c7b8dcc8268b6c1cea0"
url = "https://github.com/googleworkspace/cli/releases/download/v0.22.5/google-workspace-cli-aarch64-unknown-linux-gnu.tar.gz"
url_api = "https://api.github.com/repos/googleworkspace/cli/releases/assets/385726970"
provenance = "github-attestations"

[tools."github:googleworkspace/cli"."platforms.linux-arm64-musl"]
checksum = "sha256:e700fe63524932b10ec2130b47ece90aa850e66005fe52ccfc4cf8767bf9919a"
url = "https://github.com/googleworkspace/cli/releases/download/v0.22.5/google-workspace-cli-aarch64-unknown-linux-musl.tar.gz"
url_api = "https://api.github.com/repos/googleworkspace/cli/releases/assets/385726968"
provenance = "github-attestations"

[tools."github:googleworkspace/cli"."platforms.linux-x64"]
checksum = "sha256:de78ecdbd2f1a84cca0063a7ecbc440240fc14b6ebccbb17f4646b792a8c5c1f"
url = "https://github.com/googleworkspace/cli/releases/download/v0.22.5/google-workspace-cli-x86_64-unknown-linux-gnu.tar.gz"
url_api = "https://api.github.com/repos/googleworkspace/cli/releases/assets/385726985"
provenance = "github-attestations"

[tools."github:googleworkspace/cli"."platforms.linux-x64-musl"]
checksum = "sha256:4db473dde4b1ab872e4ff35d769b0d4af1f1a6441a605e79d5cf8ada9c87e920"
url = "https://github.com/googleworkspace/cli/releases/download/v0.22.5/google-workspace-cli-x86_64-unknown-linux-musl.tar.gz"
url_api = "https://api.github.com/repos/googleworkspace/cli/releases/assets/385726987"
provenance = "github-attestations"

[tools."github:googleworkspace/cli"."platforms.macos-arm64"]
checksum = "sha256:1d2a9ffd5bc9b2c2c4b48630daf082fad13d9e57d741988a2c248eed562f7dac"
url = "https://github.com/googleworkspace/cli/releases/download/v0.22.5/google-workspace-cli-aarch64-apple-darwin.tar.gz"
url_api = "https://api.github.com/repos/googleworkspace/cli/releases/assets/385726972"
provenance = "github-attestations"

[tools."github:googleworkspace/cli"."platforms.macos-x64"]
checksum = "sha256:51f9bd731404d4bba26c36e2e30dd68c56dccd1f834c01252cb0b14d6a6544b2"
url = "https://github.com/googleworkspace/cli/releases/download/v0.22.5/google-workspace-cli-x86_64-apple-darwin.tar.gz"
url_api = "https://api.github.com/repos/googleworkspace/cli/releases/assets/385726978"
provenance = "github-attestations"

[tools."github:googleworkspace/cli"."platforms.windows-x64"]
checksum = "sha256:407705d695dc83d48b1c5f50d71b5aa64095bf6f17d5b439b2e9a373bbe67ec2"
url = "https://github.com/googleworkspace/cli/releases/download/v0.22.5/google-workspace-cli-x86_64-pc-windows-msvc.zip"
url_api = "https://api.github.com/repos/googleworkspace/cli/releases/assets/385726984"
provenance = "github-attestations"

[[tools."github:specstoryai/getspecstory"]]
version = "2.15.1"
backend = "github:specstoryai/getspecstory"
specifiers = ["2.15.1"]

[tools."github:specstoryai/getspecstory"."platforms.linux-arm64"]
checksum = "sha256:8756343fe45bcf4ff9db155be42a4c032c1ddb22d8d46e649e2ce653443ac929"
url = "https://github.com/specstoryai/getspecstory/releases/download/v2.15.1/SpecStoryCLI_Linux_arm64.tar.gz"
url_api = "https://api.github.com/repos/specstoryai/getspecstory/releases/assets/586912434"

[tools."github:specstoryai/getspecstory"."platforms.linux-arm64-musl"]
checksum = "sha256:8756343fe45bcf4ff9db155be42a4c032c1ddb22d8d46e649e2ce653443ac929"
url = "https://github.com/specstoryai/getspecstory/releases/download/v2.15.1/SpecStoryCLI_Linux_arm64.tar.gz"
url_api = "https://api.github.com/repos/specstoryai/getspecstory/releases/assets/586912434"

[tools."github:specstoryai/getspecstory"."platforms.linux-x64"]
checksum = "sha256:7d8e842a81a8acd07a868d090ad89552028b22ec22df839f20615977abedd017"
url = "https://github.com/specstoryai/getspecstory/releases/download/v2.15.1/SpecStoryCLI_Linux_x86_64.tar.gz"
url_api = "https://api.github.com/repos/specstoryai/getspecstory/releases/assets/586912426"

[tools."github:specstoryai/getspecstory"."platforms.linux-x64-musl"]
checksum = "sha256:7d8e842a81a8acd07a868d090ad89552028b22ec22df839f20615977abedd017"
url = "https://github.com/specstoryai/getspecstory/releases/download/v2.15.1/SpecStoryCLI_Linux_x86_64.tar.gz"
url_api = "https://api.github.com/repos/specstoryai/getspecstory/releases/assets/586912426"

[tools."github:specstoryai/getspecstory"."platforms.macos-arm64"]
checksum = "sha256:7774c74037f43815bbd21c84a1ef25ac19eff2b075bb162c34bee76606b8aa40"
url = "https://github.com/specstoryai/getspecstory/releases/download/v2.15.1/SpecStoryCLI_Darwin_arm64.tar.gz"
url_api = "https://api.github.com/repos/specstoryai/getspecstory/releases/assets/586912432"

[tools."github:specstoryai/getspecstory"."platforms.macos-x64"]
checksum = "sha256:9e95caac271043ca419581a88ae4cb5f92f0fcaff41b1aa693fdbbbe690f1f6d"
url = "https://github.com/specstoryai/getspecstory/releases/download/v2.15.1/SpecStoryCLI_Darwin_x86_64.tar.gz"
url_api = "https://api.github.com/repos/specstoryai/getspecstory/releases/assets/586912433"

[tools."github:specstoryai/getspecstory"."platforms.windows-x64"]
checksum = "sha256:fd9d5d317b0f496a09376c29827adec2e4d6554829020b8d83ea53efd3fef3c1"
url = "https://github.com/specstoryai/getspecstory/releases/download/v2.15.1/SpecStoryCLI_Windows_x86_64.zip"
url_api = "https://api.github.com/repos/specstoryai/getspecstory/releases/assets/586912493"
