# @generated - this file is auto-generated by `mise lock` https://mise.jdx.dev/dev-tools/mise-lock.html

lockfile_version = 3

[[tools."aqua:astral-sh/uv"]]
version = "0.11.32"
backend = "aqua:astral-sh/uv"
specifiers = ["0.11.32"]

[tools."aqua:astral-sh/uv"."platforms.linux-arm64"]
checksum = "sha256:4d4fa08d95b06642e5800df6a22bd71455f23f988269e18da2847971d8c0bf31"
url = "https://github.com/astral-sh/uv/releases/download/0.11.32/uv-aarch64-unknown-linux-gnu.tar.gz"
url_api = "https://api.github.com/repos/astral-sh/uv/releases/assets/487747534"
provenance = "github-attestations"

[tools."aqua:astral-sh/uv"."platforms.linux-arm64-musl"]
checksum = "sha256:d70cdae687feb6aad9a09fe8d686df8c8efaf69a1007fa581379a2025adc10a5"
url = "https://github.com/astral-sh/uv/releases/download/0.11.32/uv-aarch64-unknown-linux-musl.tar.gz"
url_api = "https://api.github.com/repos/astral-sh/uv/releases/assets/487747547"
provenance = "github-attestations"

[tools."aqua:astral-sh/uv"."platforms.linux-x64"]
checksum = "sha256:aab924fd522efd06f1c5f3b93a243864fc453132c94b2dc49f1371b528a4b967"
url = "https://github.com/astral-sh/uv/releases/download/0.11.32/uv-x86_64-unknown-linux-gnu.tar.gz"
url_api = "https://api.github.com/repos/astral-sh/uv/releases/assets/487747663"
provenance = "github-attestations"

[tools."aqua:astral-sh/uv"."platforms.linux-x64-musl"]
checksum = "sha256:1fd052f196108d87e61fc3d98fe06b4ec758c9a1eb1466a6fd1a436fe45885f2"
url = "https://github.com/astral-sh/uv/releases/download/0.11.32/uv-x86_64-unknown-linux-musl.tar.gz"
url_api = "https://api.github.com/repos/astral-sh/uv/releases/assets/487747669"
provenance = "github-attestations"

[tools."aqua:astral-sh/uv"."platforms.macos-arm64"]
checksum = "sha256:ed336d0ba49db8ef89b2b41fffa372ce63bd032f22a56f001c265891aec32829"
url = "https://github.com/astral-sh/uv/releases/download/0.11.32/uv-aarch64-apple-darwin.tar.gz"
url_api = "https://api.github.com/repos/astral-sh/uv/releases/assets/487747526"
provenance = "github-attestations"

[tools."aqua:astral-sh/uv"."platforms.macos-x64"]
checksum = "sha256:77f5ca26c0de20e992a3677a174fe1121ee25c36f9b1434a863f75bf077a05eb"
url = "https://github.com/astral-sh/uv/releases/download/0.11.32/uv-x86_64-apple-darwin.tar.gz"
url_api = "https://api.github.com/repos/astral-sh/uv/releases/assets/487747646"
provenance = "github-attestations"

[tools."aqua:astral-sh/uv"."platforms.windows-x64"]
checksum = "sha256:acfde570451cfdb8689fa159a138ee805ba4e241c466432750302c86254b0984"
url = "https://github.com/astral-sh/uv/releases/download/0.11.32/uv-x86_64-pc-windows-msvc.zip"
url_api = "https://api.github.com/repos/astral-sh/uv/releases/assets/487747656"
provenance = "github-attestations"

[[tools."aqua:lycheeverse/lychee"]]
version = "0.24.2"
backend = "aqua:lycheeverse/lychee"
specifiers = ["0.24.2"]

[tools."aqua:lycheeverse/lychee"."platforms.linux-arm64"]
checksum = "sha256:91a7bd65685da41b90ccb9bc867a3d649a7818042dae04ff405e55a25bddee4c"
url = "https://github.com/lycheeverse/lychee/releases/download/lychee-v0.24.2/lychee-aarch64-unknown-linux-gnu.tar.gz"
url_api = "https://api.github.com/repos/lycheeverse/lychee/releases/assets/409959442"

[tools."aqua:lycheeverse/lychee"."platforms.linux-arm64-musl"]
checksum = "sha256:5d0b0e3aeab240f41920c633a6eaf97599be6eedda034b36e858ede7dba5e535"
url = "https://github.com/lycheeverse/lychee/releases/download/lychee-v0.24.2/lychee-aarch64-unknown-linux-musl.tar.gz"
url_api = "https://api.github.com/repos/lycheeverse/lychee/releases/assets/409958602"

[tools."aqua:lycheeverse/lychee"."platforms.linux-x64"]
checksum = "sha256:1f4e0ef7f6554a6ed33dd7ac144fb2e1bbed98598e7af973042fc5cd43951c9a"
url = "https://github.com/lycheeverse/lychee/releases/download/lychee-v0.24.2/lychee-x86_64-unknown-linux-gnu.tar.gz"
url_api = "https://api.github.com/repos/lycheeverse/lychee/releases/assets/409959156"

[tools."aqua:lycheeverse/lychee"."platforms.linux-x64-musl"]
checksum = "sha256:73657a111819a30c47c08352896796f23d64e4eb2b3ed39b6d32149241566fc5"
url = "https://github.com/lycheeverse/lychee/releases/download/lychee-v0.24.2/lychee-x86_64-unknown-linux-musl.tar.gz"
url_api = "https://api.github.com/repos/lycheeverse/lychee/releases/assets/409959271"

[tools."aqua:lycheeverse/lychee"."platforms.macos-arm64"]
checksum = "sha256:c9d3740ea2d891854d37116c9fba840f37b6e7c89d330e7db84ac333631c4977"
url = "https://github.com/lycheeverse/lychee/releases/download/lychee-v0.24.2/lychee-aarch64-apple-darwin.tar.gz"
url_api = "https://api.github.com/repos/lycheeverse/lychee/releases/assets/409957951"

[tools."aqua:lycheeverse/lychee"."platforms.macos-x64"]
checksum = "sha256:887503a9cff667d322b8d0892b40bf49976eb9507af8483220a3706cdad55978"
url = "https://github.com/lycheeverse/lychee/releases/download/lychee-v0.24.2/lychee-x86_64-apple-darwin.tar.gz"
url_api = "https://api.github.com/repos/lycheeverse/lychee/releases/assets/409957687"

[tools."aqua:lycheeverse/lychee"."platforms.windows-x64"]
checksum = "sha256:32975d1493ee1a975d6bb41e4fb56fe419cb442ded628bb772ba2e614acfacad"
url = "https://github.com/lycheeverse/lychee/releases/download/lychee-v0.24.2/lychee-x86_64-pc-windows-msvc.zip"
url_api = "https://api.github.com/repos/lycheeverse/lychee/releases/assets/409959491"

[[tools."aqua:vale-cli/vale"]]
version = "3.23.0"
backend = "aqua:vale-cli/vale"
specifiers = ["3.23.0"]

[tools."aqua:vale-cli/vale"."platforms.linux-arm64"]
checksum = "sha256:45720aadcb01401ac394641287a2c74e094045a89a450f5edcf98c8969df0884"
url = "https://github.com/vale-cli/vale/releases/download/v3.23.0/vale_3.23.0_Linux_arm64.tar.gz"
url_api = "https://api.github.com/repos/vale-cli/vale/releases/assets/589026718"

[tools."aqua:vale-cli/vale"."platforms.linux-arm64-musl"]
checksum = "sha256:45720aadcb01401ac394641287a2c74e094045a89a450f5edcf98c8969df0884"
url = "https://github.com/vale-cli/vale/releases/download/v3.23.0/vale_3.23.0_Linux_arm64.tar.gz"
url_api = "https://api.github.com/repos/vale-cli/vale/releases/assets/589026718"

[tools."aqua:vale-cli/vale"."platforms.linux-x64"]
checksum = "sha256:cc35445a45186b8f0b01e11c01359694cf941e72cf6ab0fc44774f0e54c9d5fc"
url = "https://github.com/vale-cli/vale/releases/download/v3.23.0/vale_3.23.0_Linux_64-bit.tar.gz"
url_api = "https://api.github.com/repos/vale-cli/vale/releases/assets/589026726"

[tools."aqua:vale-cli/vale"."platforms.linux-x64-musl"]
checksum = "sha256:cc35445a45186b8f0b01e11c01359694cf941e72cf6ab0fc44774f0e54c9d5fc"
url = "https://github.com/vale-cli/vale/releases/download/v3.23.0/vale_3.23.0_Linux_64-bit.tar.gz"
url_api = "https://api.github.com/repos/vale-cli/vale/releases/assets/589026726"

[tools."aqua:vale-cli/vale"."platforms.macos-arm64"]
checksum = "sha256:b913574b2c83b541d8bc2d8938e53a58a2fb06bab15135efcc755afb074f4430"
url = "https://github.com/vale-cli/vale/releases/download/v3.23.0/vale_3.23.0_macOS_arm64.tar.gz"
url_api = "https://api.github.com/repos/vale-cli/vale/releases/assets/589026805"

[tools."aqua:vale-cli/vale"."platforms.macos-x64"]
checksum = "sha256:416fdd3ba32e32dc71c87b479cb86757bb6437bcebc7a3e4a095e863b7ce583d"
url = "https://github.com/vale-cli/vale/releases/download/v3.23.0/vale_3.23.0_macOS_64-bit.tar.gz"
url_api = "https://api.github.com/repos/vale-cli/vale/releases/assets/589026720"

[tools."aqua:vale-cli/vale"."platforms.windows-x64"]
checksum = "sha256:ea9a8048498b869be8475a01488cd056f60b769f2d450311b9c24f07d11edd57"
url = "https://github.com/vale-cli/vale/releases/download/v3.23.0/vale_3.23.0_Windows_64-bit.zip"
url_api = "https://api.github.com/repos/vale-cli/vale/releases/assets/589026724"

[[tools."github:gittower/git-flow-next"]]
version = "2.1.0"
backend = "github:gittower/git-flow-next"
specifiers = ["2.1.0"]

[tools."github:gittower/git-flow-next"."platforms.linux-arm64"]
checksum = "sha256:aea866eb7f9287aedf65795251ef3f556b4c7b677d3aa201f2089ec8ee4166eb"
url = "https://github.com/gittower/git-flow-next/releases/download/v2.1.0/git-flow-next-v2.1.0-linux-arm64.tar.gz"
url_api = "https://api.github.com/repos/gittower/git-flow-next/releases/assets/549957095"

[tools."github:gittower/git-flow-next"."platforms.linux-arm64-musl"]
checksum = "sha256:aea866eb7f9287aedf65795251ef3f556b4c7b677d3aa201f2089ec8ee4166eb"
url = "https://github.com/gittower/git-flow-next/releases/download/v2.1.0/git-flow-next-v2.1.0-linux-arm64.tar.gz"
url_api = "https://api.github.com/repos/gittower/git-flow-next/releases/assets/549957095"

[tools."github:gittower/git-flow-next"."platforms.linux-x64"]
checksum = "sha256:e335b5818f2b2f820c17844c194030d0db78f3cdfa9bb999fcb9ce092ba9ecd2"
url = "https://github.com/gittower/git-flow-next/releases/download/v2.1.0/git-flow-next-v2.1.0-linux-amd64.tar.gz"
url_api = "https://api.github.com/repos/gittower/git-flow-next/releases/assets/549957097"

[tools."github:gittower/git-flow-next"."platforms.linux-x64-musl"]
checksum = "sha256:e335b5818f2b2f820c17844c194030d0db78f3cdfa9bb999fcb9ce092ba9ecd2"
url = "https://github.com/gittower/git-flow-next/releases/download/v2.1.0/git-flow-next-v2.1.0-linux-amd64.tar.gz"
url_api = "https://api.github.com/repos/gittower/git-flow-next/releases/assets/549957097"

[tools."github:gittower/git-flow-next"."platforms.macos-arm64"]
checksum = "sha256:50267d0a64e9e86aef5e936fc39a84eb3e135f841b433d5e2aac713afad8b7f3"
url = "https://github.com/gittower/git-flow-next/releases/download/v2.1.0/git-flow-next-v2.1.0-darwin-arm64.tar.gz"
url_api = "https://api.github.com/repos/gittower/git-flow-next/releases/assets/549957100"

[tools."github:gittower/git-flow-next"."platforms.macos-x64"]
checksum = "sha256:a7a47251c98cf723aa2a5206b654f1a358f0ab71b778c2ca05ad0e6540578d50"
url = "https://github.com/gittower/git-flow-next/releases/download/v2.1.0/git-flow-next-v2.1.0-darwin-amd64.tar.gz"
url_api = "https://api.github.com/repos/gittower/git-flow-next/releases/assets/549957099"

[tools."github:gittower/git-flow-next"."platforms.windows-x64"]
checksum = "sha256:9bfbc2746ea647fe664e0a5be375f7d7e144412d5031064f60efb1f8fbe1b656"
url = "https://github.com/gittower/git-flow-next/releases/download/v2.1.0/git-flow-next-v2.1.0-windows-amd64.zip"
url_api = "https://api.github.com/repos/gittower/git-flow-next/releases/assets/549957111"

[[tools."github:googleworkspace/cli"]]
version = "0.22.5"
backend = "github:googleworkspace/cli"
specifiers = ["0.22.5"]

[tools."github:googleworkspace/cli"."platforms.linux-arm64"]
checksum = "sha256:94490295d9580e1e88574e715a0a162991747d12d62f8c7b8dcc8268b6c1cea0"
url = "https://github.com/googleworkspace/cli/releases/download/v0.22.5/google-workspace-cli-aarch64-unknown-linux-gnu.tar.gz"
url_api = "https://api.github.com/repos/googleworkspace/cli/releases/assets/385726970"
provenance = "github-attestations"

[tools."github:googleworkspace/cli"."platforms.linux-arm64-musl"]
checksum = "sha256:e700fe63524932b10ec2130b47ece90aa850e66005fe52ccfc4cf8767bf9919a"
url = "https://github.com/googleworkspace/cli/releases/download/v0.22.5/google-workspace-cli-aarch64-unknown-linux-musl.tar.gz"
url_api = "https://api.github.com/repos/googleworkspace/cli/releases/assets/385726968"
provenance = "github-attestations"

[tools."github:googleworkspace/cli"."platforms.linux-x64"]
checksum = "sha256:de78ecdbd2f1a84cca0063a7ecbc440240fc14b6ebccbb17f4646b792a8c5c1f"
url = "https://github.com/googleworkspace/cli/releases/download/v0.22.5/google-workspace-cli-x86_64-unknown-linux-gnu.tar.gz"
url_api = "https://api.github.com/repos/googleworkspace/cli/releases/assets/385726985"
provenance = "github-attestations"

[tools."github:googleworkspace/cli"."platforms.linux-x64-musl"]
checksum = "sha256:4db473dde4b1ab872e4ff35d769b0d4af1f1a6441a605e79d5cf8ada9c87e920"
url = "https://github.com/googleworkspace/cli/releases/download/v0.22.5/google-workspace-cli-x86_64-unknown-linux-musl.tar.gz"
url_api = "https://api.github.com/repos/googleworkspace/cli/releases/assets/385726987"
provenance = "github-attestations"

[tools."github:googleworkspace/cli"."platforms.macos-arm64"]
checksum = "sha256:1d2a9ffd5bc9b2c2c4b48630daf082fad13d9e57d741988a2c248eed562f7dac"
url = "https://github.com/googleworkspace/cli/releases/download/v0.22.5/google-workspace-cli-aarch64-apple-darwin.tar.gz"
url_api = "https://api.github.com/repos/googleworkspace/cli/releases/assets/385726972"
provenance = "github-attestations"

[tools."github:googleworkspace/cli"."platforms.macos-x64"]
checksum = "sha256:51f9bd731404d4bba26c36e2e30dd68c56dccd1f834c01252cb0b14d6a6544b2"
url = "https://github.com/googleworkspace/cli/releases/download/v0.22.5/google-workspace-cli-x86_64-apple-darwin.tar.gz"
url_api = "https://api.github.com/repos/googleworkspace/cli/releases/assets/385726978"
provenance = "github-attestations"

[tools."github:googleworkspace/cli"."platforms.windows-x64"]
checksum = "sha256:407705d695dc83d48b1c5f50d71b5aa64095bf6f17d5b439b2e9a373bbe67ec2"
url = "https://github.com/googleworkspace/cli/releases/download/v0.22.5/google-workspace-cli-x86_64-pc-windows-msvc.zip"
url_api = "https://api.github.com/repos/googleworkspace/cli/releases/assets/385726984"
provenance = "github-attestations"
